
Microsoft Visual Studio Solution File, Format Version 12.00
# Visual Studio 2012
Project("{FAE04EC0-301F-11D3-BF4B-00C04F79EFBC}") = "ConsoleApplication9", "ConsoleApplication9\ConsoleApplication9.csproj", "{740813F1-A609-45DB-AC8B-BD30FE906D56}"
EndProject
Global
	GlobalSection(SolutionConfigurationPlatforms) = preSolution
		Debug|Any CPU = Debug|Any CPU
		Release|Any CPU = Release|Any CPU
	EndGlobalSection
	GlobalSection(ProjectConfigurationPlatforms) = postSolution
		{740813F1-A609-45DB-AC8B-BD30FE906D56}.Debug|Any CPU.ActiveCfg = Debug|Any CPU
		{740813F1-A609-45DB-AC8B-BD30FE906D56}.Debug|Any CPU.Build.0 = Debug|Any CPU
		{740813F1-A609-45DB-AC8B-BD30FE906D56}.Release|Any CPU.ActiveCfg = Release|Any CPU
		{740813F1-A609-45DB-AC8B-BD30FE906D56}.Release|Any CPU.Build.0 = Release|Any CPU
	EndGlobalSection
	GlobalSection(SolutionProperties) = preSolution
		HideSolutionNode = FALSE
	EndGlobalSection
EndGlobal
