
Microsoft Visual Studio Solution File, Format Version 11.00
# Visual C# Express 2010
Project("{FAE04EC0-301F-11D3-BF4B-00C04F79EFBC}") = "Adapter -Zepeda Sosme raul", "Adapter -Zepeda Sosme raul\Adapter -Zepeda Sosme raul.csproj", "{C78EF72C-3A31-4225-9A4D-E2CEA5EC681B}"
EndProject
Global
	GlobalSection(SolutionConfigurationPlatforms) = preSolution
		Debug|x86 = Debug|x86
		Release|x86 = Release|x86
	EndGlobalSection
	GlobalSection(ProjectConfigurationPlatforms) = postSolution
		{C78EF72C-3A31-4225-9A4D-E2CEA5EC681B}.Debug|x86.ActiveCfg = Debug|x86
		{C78EF72C-3A31-4225-9A4D-E2CEA5EC681B}.Debug|x86.Build.0 = Debug|x86
		{C78EF72C-3A31-4225-9A4D-E2CEA5EC681B}.Release|x86.ActiveCfg = Release|x86
		{C78EF72C-3A31-4225-9A4D-E2CEA5EC681B}.Release|x86.Build.0 = Release|x86
	EndGlobalSection
	GlobalSection(SolutionProperties) = preSolution
		HideSolutionNode = FALSE
	EndGlobalSection
EndGlobal
