
Microsoft Visual Studio Solution File, Format Version 11.00
# Visual C# Express 2010
Project("{FAE04EC0-301F-11D3-BF4B-00C04F79EFBC}") = "P.State EvelynMacedo", "P.State EvelynMacedo\P.State EvelynMacedo.csproj", "{B36C7250-FAE1-4E13-8A3A-424C974AEA08}"
EndProject
Global
	GlobalSection(SolutionConfigurationPlatforms) = preSolution
		Debug|x86 = Debug|x86
		Release|x86 = Release|x86
	EndGlobalSection
	GlobalSection(ProjectConfigurationPlatforms) = postSolution
		{B36C7250-FAE1-4E13-8A3A-424C974AEA08}.Debug|x86.ActiveCfg = Debug|x86
		{B36C7250-FAE1-4E13-8A3A-424C974AEA08}.Debug|x86.Build.0 = Debug|x86
		{B36C7250-FAE1-4E13-8A3A-424C974AEA08}.Release|x86.ActiveCfg = Release|x86
		{B36C7250-FAE1-4E13-8A3A-424C974AEA08}.Release|x86.Build.0 = Release|x86
	EndGlobalSection
	GlobalSection(SolutionProperties) = preSolution
		HideSolutionNode = FALSE
	EndGlobalSection
EndGlobal
