
Microsoft Visual Studio Solution File, Format Version 12.00
# Visual Studio 2012
Project("{FAE04EC0-301F-11D3-BF4B-00C04F79EFBC}") = "IteratorNoria", "IteratorNoria\IteratorNoria.csproj", "{5E308C84-6428-4AFA-B28E-4E42F6F396D2}"
EndProject
Global
	GlobalSection(SolutionConfigurationPlatforms) = preSolution
		Debug|Any CPU = Debug|Any CPU
		Release|Any CPU = Release|Any CPU
	EndGlobalSection
	GlobalSection(ProjectConfigurationPlatforms) = postSolution
		{5E308C84-6428-4AFA-B28E-4E42F6F396D2}.Debug|Any CPU.ActiveCfg = Debug|Any CPU
		{5E308C84-6428-4AFA-B28E-4E42F6F396D2}.Debug|Any CPU.Build.0 = Debug|Any CPU
		{5E308C84-6428-4AFA-B28E-4E42F6F396D2}.Release|Any CPU.ActiveCfg = Release|Any CPU
		{5E308C84-6428-4AFA-B28E-4E42F6F396D2}.Release|Any CPU.Build.0 = Release|Any CPU
	EndGlobalSection
	GlobalSection(SolutionProperties) = preSolution
		HideSolutionNode = FALSE
	EndGlobalSection
EndGlobal
