
Microsoft Visual Studio Solution File, Format Version 11.00
# Visual C# Express 2010
Project("{FAE04EC0-301F-11D3-BF4B-00C04F79EFBC}") = "Iterator_RivasLeon", "Iterator_RivasLeon\Iterator_RivasLeon.csproj", "{317E23E7-3D03-4FDF-96DB-F3F2AD46B74E}"
EndProject
Global
	GlobalSection(SolutionConfigurationPlatforms) = preSolution
		Debug|x86 = Debug|x86
		Release|x86 = Release|x86
	EndGlobalSection
	GlobalSection(ProjectConfigurationPlatforms) = postSolution
		{317E23E7-3D03-4FDF-96DB-F3F2AD46B74E}.Debug|x86.ActiveCfg = Debug|x86
		{317E23E7-3D03-4FDF-96DB-F3F2AD46B74E}.Debug|x86.Build.0 = Debug|x86
		{317E23E7-3D03-4FDF-96DB-F3F2AD46B74E}.Release|x86.ActiveCfg = Release|x86
		{317E23E7-3D03-4FDF-96DB-F3F2AD46B74E}.Release|x86.Build.0 = Release|x86
	EndGlobalSection
	GlobalSection(SolutionProperties) = preSolution
		HideSolutionNode = FALSE
	EndGlobalSection
EndGlobal
