
Microsoft Visual Studio Solution File, Format Version 11.00
# Visual C# Express 2010
Project("{FAE04EC0-301F-11D3-BF4B-00C04F79EFBC}") = "Composite_RivasLeon", "Composite_RivasLeon\Composite_RivasLeon.csproj", "{9EB04CEA-010A-4DC0-B018-B7E091738CB3}"
EndProject
Global
	GlobalSection(SolutionConfigurationPlatforms) = preSolution
		Debug|x86 = Debug|x86
		Release|x86 = Release|x86
	EndGlobalSection
	GlobalSection(ProjectConfigurationPlatforms) = postSolution
		{9EB04CEA-010A-4DC0-B018-B7E091738CB3}.Debug|x86.ActiveCfg = Debug|x86
		{9EB04CEA-010A-4DC0-B018-B7E091738CB3}.Debug|x86.Build.0 = Debug|x86
		{9EB04CEA-010A-4DC0-B018-B7E091738CB3}.Release|x86.ActiveCfg = Release|x86
		{9EB04CEA-010A-4DC0-B018-B7E091738CB3}.Release|x86.Build.0 = Release|x86
	EndGlobalSection
	GlobalSection(SolutionProperties) = preSolution
		HideSolutionNode = FALSE
	EndGlobalSection
EndGlobal
