
Microsoft Visual Studio Solution File, Format Version 12.00
# Visual Studio 2012
Project("{FAE04EC0-301F-11D3-BF4B-00C04F79EFBC}") = "Bridge_NoriaPaulina", "Bridge_NoriaPaulina\Bridge_NoriaPaulina.csproj", "{A0AA41B7-87A3-4962-B108-4ACF8953440E}"
EndProject
Global
	GlobalSection(SolutionConfigurationPlatforms) = preSolution
		Debug|Any CPU = Debug|Any CPU
		Release|Any CPU = Release|Any CPU
	EndGlobalSection
	GlobalSection(ProjectConfigurationPlatforms) = postSolution
		{A0AA41B7-87A3-4962-B108-4ACF8953440E}.Debug|Any CPU.ActiveCfg = Debug|Any CPU
		{A0AA41B7-87A3-4962-B108-4ACF8953440E}.Debug|Any CPU.Build.0 = Debug|Any CPU
		{A0AA41B7-87A3-4962-B108-4ACF8953440E}.Release|Any CPU.ActiveCfg = Release|Any CPU
		{A0AA41B7-87A3-4962-B108-4ACF8953440E}.Release|Any CPU.Build.0 = Release|Any CPU
	EndGlobalSection
	GlobalSection(SolutionProperties) = preSolution
		HideSolutionNode = FALSE
	EndGlobalSection
EndGlobal
