
Microsoft Visual Studio Solution File, Format Version 11.00
# Visual C# Express 2010
Project("{FAE04EC0-301F-11D3-BF4B-00C04F79EFBC}") = "P.Brigde EvelynMacedo", "P.Brigde EvelynMacedo\P.Brigde EvelynMacedo.csproj", "{AE8D3E3E-534F-41D1-B4F1-43CDB8D759DC}"
EndProject
Global
	GlobalSection(SolutionConfigurationPlatforms) = preSolution
		Debug|x86 = Debug|x86
		Release|x86 = Release|x86
	EndGlobalSection
	GlobalSection(ProjectConfigurationPlatforms) = postSolution
		{AE8D3E3E-534F-41D1-B4F1-43CDB8D759DC}.Debug|x86.ActiveCfg = Debug|x86
		{AE8D3E3E-534F-41D1-B4F1-43CDB8D759DC}.Debug|x86.Build.0 = Debug|x86
		{AE8D3E3E-534F-41D1-B4F1-43CDB8D759DC}.Release|x86.ActiveCfg = Release|x86
		{AE8D3E3E-534F-41D1-B4F1-43CDB8D759DC}.Release|x86.Build.0 = Release|x86
	EndGlobalSection
	GlobalSection(SolutionProperties) = preSolution
		HideSolutionNode = FALSE
	EndGlobalSection
EndGlobal
