
Microsoft Visual Studio Solution File, Format Version 12.00
# Visual Studio 14
VisualStudioVersion = 14.0.23107.0
MinimumVisualStudioVersion = 10.0.40219.1
Project("{FAE04EC0-301F-11D3-BF4B-00C04F79EFBC}") = "Prototype-GarciaJoel", "Prototype-GarciaJoel\Prototype-GarciaJoel.csproj", "{DC424ED6-8168-4783-B380-6AF2736CFEAF}"
EndProject
Global
	GlobalSection(SolutionConfigurationPlatforms) = preSolution
		Debug|Any CPU = Debug|Any CPU
		Release|Any CPU = Release|Any CPU
	EndGlobalSection
	GlobalSection(ProjectConfigurationPlatforms) = postSolution
		{DC424ED6-8168-4783-B380-6AF2736CFEAF}.Debug|Any CPU.ActiveCfg = Debug|Any CPU
		{DC424ED6-8168-4783-B380-6AF2736CFEAF}.Debug|Any CPU.Build.0 = Debug|Any CPU
		{DC424ED6-8168-4783-B380-6AF2736CFEAF}.Release|Any CPU.ActiveCfg = Release|Any CPU
		{DC424ED6-8168-4783-B380-6AF2736CFEAF}.Release|Any CPU.Build.0 = Release|Any CPU
	EndGlobalSection
	GlobalSection(SolutionProperties) = preSolution
		HideSolutionNode = FALSE
	EndGlobalSection
EndGlobal
