
Microsoft Visual Studio Solution File, Format Version 11.00
# Visual C# Express 2010
Project("{FAE04EC0-301F-11D3-BF4B-00C04F79EFBC}") = "Visitor-GarciaJoel", "Visitor-GarciaJoel\Visitor-GarciaJoel.csproj", "{42B978F8-2496-4371-A8E4-BD90C308EA2F}"
EndProject
Global
	GlobalSection(SolutionConfigurationPlatforms) = preSolution
		Debug|x86 = Debug|x86
		Release|x86 = Release|x86
	EndGlobalSection
	GlobalSection(ProjectConfigurationPlatforms) = postSolution
		{42B978F8-2496-4371-A8E4-BD90C308EA2F}.Debug|x86.ActiveCfg = Debug|x86
		{42B978F8-2496-4371-A8E4-BD90C308EA2F}.Debug|x86.Build.0 = Debug|x86
		{42B978F8-2496-4371-A8E4-BD90C308EA2F}.Release|x86.ActiveCfg = Release|x86
		{42B978F8-2496-4371-A8E4-BD90C308EA2F}.Release|x86.Build.0 = Release|x86
	EndGlobalSection
	GlobalSection(SolutionProperties) = preSolution
		HideSolutionNode = FALSE
	EndGlobalSection
EndGlobal
