
Microsoft Visual Studio Solution File, Format Version 11.00
# Visual C# Express 2010
Project("{FAE04EC0-301F-11D3-BF4B-00C04F79EFBC}") = "Observer-CesarCuandon", "Observer-CesarCuandon\Observer-CesarCuandon.csproj", "{ED47C95F-F205-4476-964F-57E0D371C546}"
EndProject
Global
	GlobalSection(SolutionConfigurationPlatforms) = preSolution
		Debug|x86 = Debug|x86
		Release|x86 = Release|x86
	EndGlobalSection
	GlobalSection(ProjectConfigurationPlatforms) = postSolution
		{ED47C95F-F205-4476-964F-57E0D371C546}.Debug|x86.ActiveCfg = Debug|x86
		{ED47C95F-F205-4476-964F-57E0D371C546}.Debug|x86.Build.0 = Debug|x86
		{ED47C95F-F205-4476-964F-57E0D371C546}.Release|x86.ActiveCfg = Release|x86
		{ED47C95F-F205-4476-964F-57E0D371C546}.Release|x86.Build.0 = Release|x86
	EndGlobalSection
	GlobalSection(SolutionProperties) = preSolution
		HideSolutionNode = FALSE
	EndGlobalSection
EndGlobal
