
Microsoft Visual Studio Solution File, Format Version 12.00
# Visual Studio 14
VisualStudioVersion = 14.0.24720.0
MinimumVisualStudioVersion = 10.0.40219.1
Project("{FAE04EC0-301F-11D3-BF4B-00C04F79EFBC}") = "Adapter - Cano Aguilar", "Adapter - Cano Aguilar\Adapter - Cano Aguilar.csproj", "{9412D1A4-A624-4D57-A219-C3CDB22C31A7}"
EndProject
Global
	GlobalSection(SolutionConfigurationPlatforms) = preSolution
		Debug|Any CPU = Debug|Any CPU
		Release|Any CPU = Release|Any CPU
	EndGlobalSection
	GlobalSection(ProjectConfigurationPlatforms) = postSolution
		{9412D1A4-A624-4D57-A219-C3CDB22C31A7}.Debug|Any CPU.ActiveCfg = Debug|Any CPU
		{9412D1A4-A624-4D57-A219-C3CDB22C31A7}.Debug|Any CPU.Build.0 = Debug|Any CPU
		{9412D1A4-A624-4D57-A219-C3CDB22C31A7}.Release|Any CPU.ActiveCfg = Release|Any CPU
		{9412D1A4-A624-4D57-A219-C3CDB22C31A7}.Release|Any CPU.Build.0 = Release|Any CPU
	EndGlobalSection
	GlobalSection(SolutionProperties) = preSolution
		HideSolutionNode = FALSE
	EndGlobalSection
EndGlobal
