
Microsoft Visual Studio Solution File, Format Version 12.00
# Visual Studio 2012
Project("{FAE04EC0-301F-11D3-BF4B-00C04F79EFBC}") = "Observador_NoriaPaulina", "Observador_NoriaPaulina\Observador_NoriaPaulina.csproj", "{1E5DD574-4B54-41DB-8AF5-3155D8CC712F}"
EndProject
Global
	GlobalSection(SolutionConfigurationPlatforms) = preSolution
		Debug|Any CPU = Debug|Any CPU
		Release|Any CPU = Release|Any CPU
	EndGlobalSection
	GlobalSection(ProjectConfigurationPlatforms) = postSolution
		{1E5DD574-4B54-41DB-8AF5-3155D8CC712F}.Debug|Any CPU.ActiveCfg = Debug|Any CPU
		{1E5DD574-4B54-41DB-8AF5-3155D8CC712F}.Debug|Any CPU.Build.0 = Debug|Any CPU
		{1E5DD574-4B54-41DB-8AF5-3155D8CC712F}.Release|Any CPU.ActiveCfg = Release|Any CPU
		{1E5DD574-4B54-41DB-8AF5-3155D8CC712F}.Release|Any CPU.Build.0 = Release|Any CPU
	EndGlobalSection
	GlobalSection(SolutionProperties) = preSolution
		HideSolutionNode = FALSE
	EndGlobalSection
EndGlobal
