
Microsoft Visual Studio Solution File, Format Version 11.00
# Visual C# Express 2010
Project("{FAE04EC0-301F-11D3-BF4B-00C04F79EFBC}") = "AbstractFactorySandovalMagnolia", "AbstractFactorySandovalMagnolia\AbstractFactorySandovalMagnolia.csproj", "{6B6A92A4-C439-4B0F-B993-4ACAD1B7D04C}"
EndProject
Global
	GlobalSection(SolutionConfigurationPlatforms) = preSolution
		Debug|x86 = Debug|x86
		Release|x86 = Release|x86
	EndGlobalSection
	GlobalSection(ProjectConfigurationPlatforms) = postSolution
		{6B6A92A4-C439-4B0F-B993-4ACAD1B7D04C}.Debug|x86.ActiveCfg = Debug|x86
		{6B6A92A4-C439-4B0F-B993-4ACAD1B7D04C}.Debug|x86.Build.0 = Debug|x86
		{6B6A92A4-C439-4B0F-B993-4ACAD1B7D04C}.Release|x86.ActiveCfg = Release|x86
		{6B6A92A4-C439-4B0F-B993-4ACAD1B7D04C}.Release|x86.Build.0 = Release|x86
	EndGlobalSection
	GlobalSection(SolutionProperties) = preSolution
		HideSolutionNode = FALSE
	EndGlobalSection
EndGlobal
