
Microsoft Visual Studio Solution File, Format Version 11.00
# Visual C# Express 2010
Project("{FAE04EC0-301F-11D3-BF4B-00C04F79EFBC}") = "command alavez", "command alavez\command alavez.csproj", "{3A04BCC4-CEA8-4F6A-A37E-D74B25F4B1E7}"
EndProject
Global
	GlobalSection(SolutionConfigurationPlatforms) = preSolution
		Debug|x86 = Debug|x86
		Release|x86 = Release|x86
	EndGlobalSection
	GlobalSection(ProjectConfigurationPlatforms) = postSolution
		{3A04BCC4-CEA8-4F6A-A37E-D74B25F4B1E7}.Debug|x86.ActiveCfg = Debug|x86
		{3A04BCC4-CEA8-4F6A-A37E-D74B25F4B1E7}.Debug|x86.Build.0 = Debug|x86
		{3A04BCC4-CEA8-4F6A-A37E-D74B25F4B1E7}.Release|x86.ActiveCfg = Release|x86
		{3A04BCC4-CEA8-4F6A-A37E-D74B25F4B1E7}.Release|x86.Build.0 = Release|x86
	EndGlobalSection
	GlobalSection(SolutionProperties) = preSolution
		HideSolutionNode = FALSE
	EndGlobalSection
EndGlobal
