
Microsoft Visual Studio Solution File, Format Version 11.00
# Visual C# Express 2010
Project("{FAE04EC0-301F-11D3-BF4B-00C04F79EFBC}") = "FACADE", "FACADE\FACADE.csproj", "{D644C9E5-0D89-450E-ABE7-E2D160BCE5D7}"
EndProject
Global
	GlobalSection(SolutionConfigurationPlatforms) = preSolution
		Debug|x86 = Debug|x86
		Release|x86 = Release|x86
	EndGlobalSection
	GlobalSection(ProjectConfigurationPlatforms) = postSolution
		{D644C9E5-0D89-450E-ABE7-E2D160BCE5D7}.Debug|x86.ActiveCfg = Debug|x86
		{D644C9E5-0D89-450E-ABE7-E2D160BCE5D7}.Debug|x86.Build.0 = Debug|x86
		{D644C9E5-0D89-450E-ABE7-E2D160BCE5D7}.Release|x86.ActiveCfg = Release|x86
		{D644C9E5-0D89-450E-ABE7-E2D160BCE5D7}.Release|x86.Build.0 = Release|x86
	EndGlobalSection
	GlobalSection(SolutionProperties) = preSolution
		HideSolutionNode = FALSE
	EndGlobalSection
EndGlobal
